
Microsoft Visual Studio Solution File, Format Version 12.00
# Visual Studio Version 16
VisualStudioVersion = 16.0.29503.13
MinimumVisualStudioVersion = 10.0.40219.1
Project("{FAE04EC0-301F-11D3-BF4B-00C04F79EFBC}") = "MakeANuGet", "MakeANuGet\MakeANuGet.csproj", "{749A7B43-4C7A-4EE7-B74A-7386E5090E54}"
EndProject
Global
	GlobalSection(SolutionConfigurationPlatforms) = preSolution
		Debug|Any CPU = Debug|Any CPU
		Release|Any CPU = Release|Any CPU
	EndGlobalSection
	GlobalSection(ProjectConfigurationPlatforms) = postSolution
		{749A7B43-4C7A-4EE7-B74A-7386E5090E54}.Debug|Any CPU.ActiveCfg = Debug|Any CPU
		{749A7B43-4C7A-4EE7-B74A-7386E5090E54}.Debug|Any CPU.Build.0 = Debug|Any CPU
		{749A7B43-4C7A-4EE7-B74A-7386E5090E54}.Release|Any CPU.ActiveCfg = Release|Any CPU
		{749A7B43-4C7A-4EE7-B74A-7386E5090E54}.Release|Any CPU.Build.0 = Release|Any CPU
	EndGlobalSection
	GlobalSection(SolutionProperties) = preSolution
		HideSolutionNode = FALSE
	EndGlobalSection
	GlobalSection(ExtensibilityGlobals) = postSolution
		SolutionGuid = {5DED30F5-EF2E-4108-8955-E26DF3D32742}
	EndGlobalSection
EndGlobal
